{
    "_meta": {
        "hash": {
            "sha256": "4eb3ae406e2e4baba9db5765f8ded94b1c8fb8cf0ed67a82700fc05bb3ca0fac"
        },
        "pipfile-spec": 6,
        "requires": {
            "python_version": "3.9"
        },
        "sources": [
            {
                "name": "pypi",
                "url": "https://pypi.org/simple",
                "verify_ssl": true
            }
        ]
    },
    "default": {},
    "develop": {
        "mypy": {
            "editable": true,
            "path": "."
        }
    }
}
